
Microsoft Visual Studio Solution File, Format Version 12.00
# Visual Studio Version 17
VisualStudioVersion = 17.14.36414.22
MinimumVisualStudioVersion = 10.0.40219.1
Project("{2150E333-8FDC-42A3-9474-1A3956D46DE8}") = "Task0", "Task0", "{02EA681E-C7D8-13C7-8484-4AC65E1B71E8}"
EndProject
Project("{2150E333-8FDC-42A3-9474-1A3956D46DE8}") = "Task1", "Task1", "{F75D81CE-8F62-4E06-B3B3-58160E8958E8}"
EndProject
Project("{FAE04EC0-301F-11D3-BF4B-00C04F79EFBC}") = "Tyuiu.MinullinDF.Sprint3.Task0.V13", "Tyuiu.MinullinDF.Sprint3.Task0.V13\Tyuiu.MinullinDF.Sprint3.Task0.V13.csproj", "{BB21F83C-5086-4BDD-9DFA-E327A6597BC7}"
EndProject
Project("{FAE04EC0-301F-11D3-BF4B-00C04F79EFBC}") = "Tyuiu.MinullinDF.Sprint3.Task0.V13.Lib", "Tyuiu.MinullinDF.Sprint3.Task0.V13.Lib\Tyuiu.MinullinDF.Sprint3.Task0.V13.Lib.csproj", "{42906340-9899-41E2-917A-E7B6A6FEEE6E}"
EndProject
Project("{FAE04EC0-301F-11D3-BF4B-00C04F79EFBC}") = "Tyuiu.MinullinDF.Sprint3.Task0.V13.Test", "Tyuiu.MinullinDF.Sprint3.Task0.V13.Test\Tyuiu.MinullinDF.Sprint3.Task0.V13.Test.csproj", "{412FFE0F-8210-4F3D-814B-1C0A6F79F22F}"
EndProject
Project("{FAE04EC0-301F-11D3-BF4B-00C04F79EFBC}") = "Tyuiu.MinullinDF.Sprint3.Task1.V18.Test", "Tyuiu.MinullinDF.Sprint3.Task1.V18.Test\Tyuiu.MinullinDF.Sprint3.Task1.V18.Test.csproj", "{0108C019-0A87-432C-B5DA-29B601A25A65}"
EndProject
Project("{FAE04EC0-301F-11D3-BF4B-00C04F79EFBC}") = "Tyuiu.MinullinDF.Sprint3.Task1.V18", "Tyuiu.MinullinDF.Sprint3.Task1.V18\Tyuiu.MinullinDF.Sprint3.Task1.V18.csproj", "{4E66A24A-D240-4017-BFFD-5943355C865A}"
EndProject
Project("{FAE04EC0-301F-11D3-BF4B-00C04F79EFBC}") = "Tyuiu.MinullinDF.Sprint3.Task1.V18.Lib", "Tyuiu.MinullinDF.Sprint3.Task1.V18.Lib\Tyuiu.MinullinDF.Sprint3.Task1.V18.Lib.csproj", "{E259C376-4F24-4B4E-AE1C-3CA8377427A2}"
EndProject
Project("{2150E333-8FDC-42A3-9474-1A3956D46DE8}") = "Task2", "Task2", "{92130756-C6C6-4022-B8E8-3197AB72FB92}"
EndProject
Project("{2150E333-8FDC-42A3-9474-1A3956D46DE8}") = "Task3", "Task3", "{021177B1-9F9F-493A-B0C0-303FADA4EE65}"
EndProject
Project("{FAE04EC0-301F-11D3-BF4B-00C04F79EFBC}") = "Tyuiu.MinullinDF.Sprint3.Task2.V15.Lib", "Tyuiu.MinullinDF.Sprint3.Task2.V15.Lib\Tyuiu.MinullinDF.Sprint3.Task2.V15.Lib.csproj", "{2DEA9346-FB39-489C-936F-24D0BC032A40}"
EndProject
Project("{FAE04EC0-301F-11D3-BF4B-00C04F79EFBC}") = "Tyuiu.MinullinDF.Sprint3.Task2.V15", "Tyuiu.MinullinDF.Sprint3.Task2.V15\Tyuiu.MinullinDF.Sprint3.Task2.V15.csproj", "{5F94E8C6-7F21-4AE3-A4CD-1C06B234C842}"
EndProject
Project("{FAE04EC0-301F-11D3-BF4B-00C04F79EFBC}") = "Tyuiu.MinullinDF.Sprint3.Task2.V15.Test", "Tyuiu.MinullinDF.Sprint3.Task2.V15.Test\Tyuiu.MinullinDF.Sprint3.Task2.V15.Test.csproj", "{5B305D03-3756-48FE-A09F-E0BC0E662DC4}"
EndProject
Project("{FAE04EC0-301F-11D3-BF4B-00C04F79EFBC}") = "Tyuiu.MinullinDF.Sprint3.Task3.V25.Test", "Tyuiu.MinullinDF.Sprint3.Task3.V25.Test\Tyuiu.MinullinDF.Sprint3.Task3.V25.Test.csproj", "{2E38B9D2-2EFB-44B4-9DC2-6C84AABDF802}"
EndProject
Project("{FAE04EC0-301F-11D3-BF4B-00C04F79EFBC}") = "Tyuiu.MinullinDF.Sprint3.Task3.V25.Lib", "Tyuiu.MinullinDF.Sprint3.Task3.V25.Lib\Tyuiu.MinullinDF.Sprint3.Task3.V25.Lib.csproj", "{B264C5B6-28D9-4AC0-9261-0793EF374752}"
EndProject
Project("{FAE04EC0-301F-11D3-BF4B-00C04F79EFBC}") = "Tyuiu.MinullinDF.Sprint3.Task3.V25", "Tyuiu.MinullinDF.Sprint3.Task3.V25\Tyuiu.MinullinDF.Sprint3.Task3.V25.csproj", "{4961D4D3-B260-4725-99E8-A34045899CDF}"
EndProject
Project("{2150E333-8FDC-42A3-9474-1A3956D46DE8}") = "Task4", "Task4", "{AC9C41A7-6B63-4FF4-B42F-93DC1535F8A2}"
EndProject
Project("{FAE04EC0-301F-11D3-BF4B-00C04F79EFBC}") = "Tyuiu.MinullinDF.Sprint3.Task4.V15", "Tyuiu.MinullinDF.Sprint3.Task4.V15\Tyuiu.MinullinDF.Sprint3.Task4.V15.csproj", "{D4F617E7-0F25-4B7F-8DC8-23C6ED27273E}"
EndProject
Project("{FAE04EC0-301F-11D3-BF4B-00C04F79EFBC}") = "Tyuiu.MinullinDF.Sprint3.Task4.V15.Lib", "Tyuiu.MinullinDF.Sprint3.Task4.V15.Lib\Tyuiu.MinullinDF.Sprint3.Task4.V15.Lib.csproj", "{C0F0D841-70D8-4BDA-86C4-56406BA882D8}"
EndProject
Project("{FAE04EC0-301F-11D3-BF4B-00C04F79EFBC}") = "Tyuiu.MinullinDF.Sprint3.Task4.V15.Test", "Tyuiu.MinullinDF.Sprint3.Task4.V15.Test\Tyuiu.MinullinDF.Sprint3.Task4.V15.Test.csproj", "{3C31B827-CC73-483B-8A9B-FFF0607A27DA}"
EndProject
Project("{2150E333-8FDC-42A3-9474-1A3956D46DE8}") = "Task5", "Task5", "{A4B47E65-8D95-4896-8F3F-B2466988053C}"
EndProject
Project("{2150E333-8FDC-42A3-9474-1A3956D46DE8}") = "Task6", "Task6", "{F53BE196-C570-430D-9006-CFBE47062B2F}"
EndProject
Project("{2150E333-8FDC-42A3-9474-1A3956D46DE8}") = "Task7", "Task7", "{A67305D7-F9E6-4078-831A-3F23B013D662}"
EndProject
Project("{FAE04EC0-301F-11D3-BF4B-00C04F79EFBC}") = "Tyuiu.MinullinDF.Sprint3.Task5.V13.Test", "Tyuiu.MinullinDF.Sprint3.Task5.V13.Test\Tyuiu.MinullinDF.Sprint3.Task5.V13.Test.csproj", "{3791B4F8-DC46-4857-8CE1-C397484FC409}"
EndProject
Project("{FAE04EC0-301F-11D3-BF4B-00C04F79EFBC}") = "Tyuiu.MinullinDF.Sprint3.Task5.V13", "Tyuiu.MinullinDF.Sprint3.Task5.V13\Tyuiu.MinullinDF.Sprint3.Task5.V13.csproj", "{B74C8425-30C7-4280-8769-326A8542B769}"
EndProject
Project("{FAE04EC0-301F-11D3-BF4B-00C04F79EFBC}") = "Tyuiu.MinullinDF.Sprint3.Task5.V13.Lib", "Tyuiu.MinullinDF.Sprint3.Task5.V13.Lib\Tyuiu.MinullinDF.Sprint3.Task5.V13.Lib.csproj", "{0F29B5B1-7576-4B75-A885-FD0194F53DDA}"
EndProject
Project("{FAE04EC0-301F-11D3-BF4B-00C04F79EFBC}") = "Tyuiu.MinullinDF.Sprint3.Task6.V22.Lib", "Tyuiu.MinullinDF.Sprint3.Task6.V22.Lib\Tyuiu.MinullinDF.Sprint3.Task6.V22.Lib.csproj", "{7A24E495-3E5B-4241-B3A0-4132FB84AB5D}"
EndProject
Project("{FAE04EC0-301F-11D3-BF4B-00C04F79EFBC}") = "Tyuiu.MinullinDF.Sprint3.Task6.V22.Test", "Tyuiu.MinullinDF.Sprint3.Task6.V22.Test\Tyuiu.MinullinDF.Sprint3.Task6.V22.Test.csproj", "{7F714209-4D01-4112-A04F-6B4062A559CD}"
EndProject
Project("{FAE04EC0-301F-11D3-BF4B-00C04F79EFBC}") = "Tyuiu.MinullinDF.Sprint3.Task6.V22", "Tyuiu.MinullinDF.Sprint3.Task6.V22\Tyuiu.MinullinDF.Sprint3.Task6.V22.csproj", "{1EC08731-2B6C-4353-B822-51D4790B2ADD}"
EndProject
Global
	GlobalSection(SolutionConfigurationPlatforms) = preSolution
		Debug|Any CPU = Debug|Any CPU
		Release|Any CPU = Release|Any CPU
	EndGlobalSection
	GlobalSection(ProjectConfigurationPlatforms) = postSolution
		{BB21F83C-5086-4BDD-9DFA-E327A6597BC7}.Debug|Any CPU.ActiveCfg = Debug|Any CPU
		{BB21F83C-5086-4BDD-9DFA-E327A6597BC7}.Debug|Any CPU.Build.0 = Debug|Any CPU
		{BB21F83C-5086-4BDD-9DFA-E327A6597BC7}.Release|Any CPU.ActiveCfg = Release|Any CPU
		{BB21F83C-5086-4BDD-9DFA-E327A6597BC7}.Release|Any CPU.Build.0 = Release|Any CPU
		{42906340-9899-41E2-917A-E7B6A6FEEE6E}.Debug|Any CPU.ActiveCfg = Debug|Any CPU
		{42906340-9899-41E2-917A-E7B6A6FEEE6E}.Debug|Any CPU.Build.0 = Debug|Any CPU
		{42906340-9899-41E2-917A-E7B6A6FEEE6E}.Release|Any CPU.ActiveCfg = Release|Any CPU
		{42906340-9899-41E2-917A-E7B6A6FEEE6E}.Release|Any CPU.Build.0 = Release|Any CPU
		{412FFE0F-8210-4F3D-814B-1C0A6F79F22F}.Debug|Any CPU.ActiveCfg = Debug|Any CPU
		{412FFE0F-8210-4F3D-814B-1C0A6F79F22F}.Debug|Any CPU.Build.0 = Debug|Any CPU
		{412FFE0F-8210-4F3D-814B-1C0A6F79F22F}.Release|Any CPU.ActiveCfg = Release|Any CPU
		{412FFE0F-8210-4F3D-814B-1C0A6F79F22F}.Release|Any CPU.Build.0 = Release|Any CPU
		{0108C019-0A87-432C-B5DA-29B601A25A65}.Debug|Any CPU.ActiveCfg = Debug|Any CPU
		{0108C019-0A87-432C-B5DA-29B601A25A65}.Debug|Any CPU.Build.0 = Debug|Any CPU
		{0108C019-0A87-432C-B5DA-29B601A25A65}.Release|Any CPU.ActiveCfg = Release|Any CPU
		{0108C019-0A87-432C-B5DA-29B601A25A65}.Release|Any CPU.Build.0 = Release|Any CPU
		{4E66A24A-D240-4017-BFFD-5943355C865A}.Debug|Any CPU.ActiveCfg = Debug|Any CPU
		{4E66A24A-D240-4017-BFFD-5943355C865A}.Debug|Any CPU.Build.0 = Debug|Any CPU
		{4E66A24A-D240-4017-BFFD-5943355C865A}.Release|Any CPU.ActiveCfg = Release|Any CPU
		{4E66A24A-D240-4017-BFFD-5943355C865A}.Release|Any CPU.Build.0 = Release|Any CPU
		{E259C376-4F24-4B4E-AE1C-3CA8377427A2}.Debug|Any CPU.ActiveCfg = Debug|Any CPU
		{E259C376-4F24-4B4E-AE1C-3CA8377427A2}.Debug|Any CPU.Build.0 = Debug|Any CPU
		{E259C376-4F24-4B4E-AE1C-3CA8377427A2}.Release|Any CPU.ActiveCfg = Release|Any CPU
		{E259C376-4F24-4B4E-AE1C-3CA8377427A2}.Release|Any CPU.Build.0 = Release|Any CPU
		{2DEA9346-FB39-489C-936F-24D0BC032A40}.Debug|Any CPU.ActiveCfg = Debug|Any CPU
		{2DEA9346-FB39-489C-936F-24D0BC032A40}.Debug|Any CPU.Build.0 = Debug|Any CPU
		{2DEA9346-FB39-489C-936F-24D0BC032A40}.Release|Any CPU.ActiveCfg = Release|Any CPU
		{2DEA9346-FB39-489C-936F-24D0BC032A40}.Release|Any CPU.Build.0 = Release|Any CPU
		{5F94E8C6-7F21-4AE3-A4CD-1C06B234C842}.Debug|Any CPU.ActiveCfg = Debug|Any CPU
		{5F94E8C6-7F21-4AE3-A4CD-1C06B234C842}.Debug|Any CPU.Build.0 = Debug|Any CPU
		{5F94E8C6-7F21-4AE3-A4CD-1C06B234C842}.Release|Any CPU.ActiveCfg = Release|Any CPU
		{5F94E8C6-7F21-4AE3-A4CD-1C06B234C842}.Release|Any CPU.Build.0 = Release|Any CPU
		{5B305D03-3756-48FE-A09F-E0BC0E662DC4}.Debug|Any CPU.ActiveCfg = Debug|Any CPU
		{5B305D03-3756-48FE-A09F-E0BC0E662DC4}.Debug|Any CPU.Build.0 = Debug|Any CPU
		{5B305D03-3756-48FE-A09F-E0BC0E662DC4}.Release|Any CPU.ActiveCfg = Release|Any CPU
		{5B305D03-3756-48FE-A09F-E0BC0E662DC4}.Release|Any CPU.Build.0 = Release|Any CPU
		{2E38B9D2-2EFB-44B4-9DC2-6C84AABDF802}.Debug|Any CPU.ActiveCfg = Debug|Any CPU
		{2E38B9D2-2EFB-44B4-9DC2-6C84AABDF802}.Debug|Any CPU.Build.0 = Debug|Any CPU
		{2E38B9D2-2EFB-44B4-9DC2-6C84AABDF802}.Release|Any CPU.ActiveCfg = Release|Any CPU
		{2E38B9D2-2EFB-44B4-9DC2-6C84AABDF802}.Release|Any CPU.Build.0 = Release|Any CPU
		{B264C5B6-28D9-4AC0-9261-0793EF374752}.Debug|Any CPU.ActiveCfg = Debug|Any CPU
		{B264C5B6-28D9-4AC0-9261-0793EF374752}.Debug|Any CPU.Build.0 = Debug|Any CPU
		{B264C5B6-28D9-4AC0-9261-0793EF374752}.Release|Any CPU.ActiveCfg = Release|Any CPU
		{B264C5B6-28D9-4AC0-9261-0793EF374752}.Release|Any CPU.Build.0 = Release|Any CPU
		{4961D4D3-B260-4725-99E8-A34045899CDF}.Debug|Any CPU.ActiveCfg = Debug|Any CPU
		{4961D4D3-B260-4725-99E8-A34045899CDF}.Debug|Any CPU.Build.0 = Debug|Any CPU
		{4961D4D3-B260-4725-99E8-A34045899CDF}.Release|Any CPU.ActiveCfg = Release|Any CPU
		{4961D4D3-B260-4725-99E8-A34045899CDF}.Release|Any CPU.Build.0 = Release|Any CPU
		{D4F617E7-0F25-4B7F-8DC8-23C6ED27273E}.Debug|Any CPU.ActiveCfg = Debug|Any CPU
		{D4F617E7-0F25-4B7F-8DC8-23C6ED27273E}.Debug|Any CPU.Build.0 = Debug|Any CPU
		{D4F617E7-0F25-4B7F-8DC8-23C6ED27273E}.Release|Any CPU.ActiveCfg = Release|Any CPU
		{D4F617E7-0F25-4B7F-8DC8-23C6ED27273E}.Release|Any CPU.Build.0 = Release|Any CPU
		{C0F0D841-70D8-4BDA-86C4-56406BA882D8}.Debug|Any CPU.ActiveCfg = Debug|Any CPU
		{C0F0D841-70D8-4BDA-86C4-56406BA882D8}.Debug|Any CPU.Build.0 = Debug|Any CPU
		{C0F0D841-70D8-4BDA-86C4-56406BA882D8}.Release|Any CPU.ActiveCfg = Release|Any CPU
		{C0F0D841-70D8-4BDA-86C4-56406BA882D8}.Release|Any CPU.Build.0 = Release|Any CPU
		{3C31B827-CC73-483B-8A9B-FFF0607A27DA}.Debug|Any CPU.ActiveCfg = Debug|Any CPU
		{3C31B827-CC73-483B-8A9B-FFF0607A27DA}.Debug|Any CPU.Build.0 = Debug|Any CPU
		{3C31B827-CC73-483B-8A9B-FFF0607A27DA}.Release|Any CPU.ActiveCfg = Release|Any CPU
		{3C31B827-CC73-483B-8A9B-FFF0607A27DA}.Release|Any CPU.Build.0 = Release|Any CPU
		{3791B4F8-DC46-4857-8CE1-C397484FC409}.Debug|Any CPU.ActiveCfg = Debug|Any CPU
		{3791B4F8-DC46-4857-8CE1-C397484FC409}.Debug|Any CPU.Build.0 = Debug|Any CPU
		{3791B4F8-DC46-4857-8CE1-C397484FC409}.Release|Any CPU.ActiveCfg = Release|Any CPU
		{3791B4F8-DC46-4857-8CE1-C397484FC409}.Release|Any CPU.Build.0 = Release|Any CPU
		{B74C8425-30C7-4280-8769-326A8542B769}.Debug|Any CPU.ActiveCfg = Debug|Any CPU
		{B74C8425-30C7-4280-8769-326A8542B769}.Debug|Any CPU.Build.0 = Debug|Any CPU
		{B74C8425-30C7-4280-8769-326A8542B769}.Release|Any CPU.ActiveCfg = Release|Any CPU
		{B74C8425-30C7-4280-8769-326A8542B769}.Release|Any CPU.Build.0 = Release|Any CPU
		{0F29B5B1-7576-4B75-A885-FD0194F53DDA}.Debug|Any CPU.ActiveCfg = Debug|Any CPU
		{0F29B5B1-7576-4B75-A885-FD0194F53DDA}.Debug|Any CPU.Build.0 = Debug|Any CPU
		{0F29B5B1-7576-4B75-A885-FD0194F53DDA}.Release|Any CPU.ActiveCfg = Release|Any CPU
		{0F29B5B1-7576-4B75-A885-FD0194F53DDA}.Release|Any CPU.Build.0 = Release|Any CPU
		{7A24E495-3E5B-4241-B3A0-4132FB84AB5D}.Debug|Any CPU.ActiveCfg = Debug|Any CPU
		{7A24E495-3E5B-4241-B3A0-4132FB84AB5D}.Debug|Any CPU.Build.0 = Debug|Any CPU
		{7A24E495-3E5B-4241-B3A0-4132FB84AB5D}.Release|Any CPU.ActiveCfg = Release|Any CPU
		{7A24E495-3E5B-4241-B3A0-4132FB84AB5D}.Release|Any CPU.Build.0 = Release|Any CPU
		{7F714209-4D01-4112-A04F-6B4062A559CD}.Debug|Any CPU.ActiveCfg = Debug|Any CPU
		{7F714209-4D01-4112-A04F-6B4062A559CD}.Debug|Any CPU.Build.0 = Debug|Any CPU
		{7F714209-4D01-4112-A04F-6B4062A559CD}.Release|Any CPU.ActiveCfg = Release|Any CPU
		{7F714209-4D01-4112-A04F-6B4062A559CD}.Release|Any CPU.Build.0 = Release|Any CPU
		{1EC08731-2B6C-4353-B822-51D4790B2ADD}.Debug|Any CPU.ActiveCfg = Debug|Any CPU
		{1EC08731-2B6C-4353-B822-51D4790B2ADD}.Debug|Any CPU.Build.0 = Debug|Any CPU
		{1EC08731-2B6C-4353-B822-51D4790B2ADD}.Release|Any CPU.ActiveCfg = Release|Any CPU
		{1EC08731-2B6C-4353-B822-51D4790B2ADD}.Release|Any CPU.Build.0 = Release|Any CPU
	EndGlobalSection
	GlobalSection(SolutionProperties) = preSolution
		HideSolutionNode = FALSE
	EndGlobalSection
	GlobalSection(NestedProjects) = preSolution
		{BB21F83C-5086-4BDD-9DFA-E327A6597BC7} = {02EA681E-C7D8-13C7-8484-4AC65E1B71E8}
		{42906340-9899-41E2-917A-E7B6A6FEEE6E} = {02EA681E-C7D8-13C7-8484-4AC65E1B71E8}
		{412FFE0F-8210-4F3D-814B-1C0A6F79F22F} = {02EA681E-C7D8-13C7-8484-4AC65E1B71E8}
		{0108C019-0A87-432C-B5DA-29B601A25A65} = {F75D81CE-8F62-4E06-B3B3-58160E8958E8}
		{4E66A24A-D240-4017-BFFD-5943355C865A} = {F75D81CE-8F62-4E06-B3B3-58160E8958E8}
		{E259C376-4F24-4B4E-AE1C-3CA8377427A2} = {F75D81CE-8F62-4E06-B3B3-58160E8958E8}
		{2DEA9346-FB39-489C-936F-24D0BC032A40} = {92130756-C6C6-4022-B8E8-3197AB72FB92}
		{5F94E8C6-7F21-4AE3-A4CD-1C06B234C842} = {92130756-C6C6-4022-B8E8-3197AB72FB92}
		{5B305D03-3756-48FE-A09F-E0BC0E662DC4} = {92130756-C6C6-4022-B8E8-3197AB72FB92}
		{2E38B9D2-2EFB-44B4-9DC2-6C84AABDF802} = {021177B1-9F9F-493A-B0C0-303FADA4EE65}
		{B264C5B6-28D9-4AC0-9261-0793EF374752} = {021177B1-9F9F-493A-B0C0-303FADA4EE65}
		{4961D4D3-B260-4725-99E8-A34045899CDF} = {021177B1-9F9F-493A-B0C0-303FADA4EE65}
		{D4F617E7-0F25-4B7F-8DC8-23C6ED27273E} = {AC9C41A7-6B63-4FF4-B42F-93DC1535F8A2}
		{C0F0D841-70D8-4BDA-86C4-56406BA882D8} = {AC9C41A7-6B63-4FF4-B42F-93DC1535F8A2}
		{3C31B827-CC73-483B-8A9B-FFF0607A27DA} = {AC9C41A7-6B63-4FF4-B42F-93DC1535F8A2}
		{3791B4F8-DC46-4857-8CE1-C397484FC409} = {A4B47E65-8D95-4896-8F3F-B2466988053C}
		{B74C8425-30C7-4280-8769-326A8542B769} = {A4B47E65-8D95-4896-8F3F-B2466988053C}
		{0F29B5B1-7576-4B75-A885-FD0194F53DDA} = {A4B47E65-8D95-4896-8F3F-B2466988053C}
		{7A24E495-3E5B-4241-B3A0-4132FB84AB5D} = {F53BE196-C570-430D-9006-CFBE47062B2F}
		{7F714209-4D01-4112-A04F-6B4062A559CD} = {F53BE196-C570-430D-9006-CFBE47062B2F}
		{1EC08731-2B6C-4353-B822-51D4790B2ADD} = {F53BE196-C570-430D-9006-CFBE47062B2F}
	EndGlobalSection
	GlobalSection(ExtensibilityGlobals) = postSolution
		SolutionGuid = {3A60C6F9-6A08-4ED5-BAAD-F6148594B12F}
	EndGlobalSection
EndGlobal
