
Microsoft Visual Studio Solution File, Format Version 12.00
# Visual Studio Version 17
VisualStudioVersion = 17.14.36414.22
MinimumVisualStudioVersion = 10.0.40219.1
Project("{2150E333-8FDC-42A3-9474-1A3956D46DE8}") = "Task0", "Task0", "{02EA681E-C7D8-13C7-8484-4AC65E1B71E8}"
EndProject
Project("{2150E333-8FDC-42A3-9474-1A3956D46DE8}") = "Task1", "Task1", "{F75D81CE-8F62-4E06-B3B3-58160E8958E8}"
EndProject
Project("{FAE04EC0-301F-11D3-BF4B-00C04F79EFBC}") = "Tyuiu.MinullinDF.Sprint3.Task0.V13", "Tyuiu.MinullinDF.Sprint3.Task0.V13\Tyuiu.MinullinDF.Sprint3.Task0.V13.csproj", "{BB21F83C-5086-4BDD-9DFA-E327A6597BC7}"
EndProject
Project("{FAE04EC0-301F-11D3-BF4B-00C04F79EFBC}") = "Tyuiu.MinullinDF.Sprint3.Task0.V13.Lib", "Tyuiu.MinullinDF.Sprint3.Task0.V13.Lib\Tyuiu.MinullinDF.Sprint3.Task0.V13.Lib.csproj", "{42906340-9899-41E2-917A-E7B6A6FEEE6E}"
EndProject
Project("{FAE04EC0-301F-11D3-BF4B-00C04F79EFBC}") = "Tyuiu.MinullinDF.Sprint3.Task0.V13.Test", "Tyuiu.MinullinDF.Sprint3.Task0.V13.Test\Tyuiu.MinullinDF.Sprint3.Task0.V13.Test.csproj", "{412FFE0F-8210-4F3D-814B-1C0A6F79F22F}"
EndProject
Project("{FAE04EC0-301F-11D3-BF4B-00C04F79EFBC}") = "Tyuiu.MinullinDF.Sprint3.Task1.V18.Test", "Tyuiu.MinullinDF.Sprint3.Task1.V18.Test\Tyuiu.MinullinDF.Sprint3.Task1.V18.Test.csproj", "{0108C019-0A87-432C-B5DA-29B601A25A65}"
EndProject
Project("{FAE04EC0-301F-11D3-BF4B-00C04F79EFBC}") = "Tyuiu.MinullinDF.Sprint3.Task1.V18", "Tyuiu.MinullinDF.Sprint3.Task1.V18\Tyuiu.MinullinDF.Sprint3.Task1.V18.csproj", "{4E66A24A-D240-4017-BFFD-5943355C865A}"
EndProject
Project("{FAE04EC0-301F-11D3-BF4B-00C04F79EFBC}") = "Tyuiu.MinullinDF.Sprint3.Task1.V18.Lib", "Tyuiu.MinullinDF.Sprint3.Task1.V18.Lib\Tyuiu.MinullinDF.Sprint3.Task1.V18.Lib.csproj", "{E259C376-4F24-4B4E-AE1C-3CA8377427A2}"
EndProject
Project("{2150E333-8FDC-42A3-9474-1A3956D46DE8}") = "Task2", "Task2", "{92130756-C6C6-4022-B8E8-3197AB72FB92}"
EndProject
Project("{2150E333-8FDC-42A3-9474-1A3956D46DE8}") = "Task3", "Task3", "{021177B1-9F9F-493A-B0C0-303FADA4EE65}"
EndProject
Project("{FAE04EC0-301F-11D3-BF4B-00C04F79EFBC}") = "Tyuiu.MinullinDF.Sprint3.Task2.V15.Lib", "Tyuiu.MinullinDF.Sprint3.Task2.V15.Lib\Tyuiu.MinullinDF.Sprint3.Task2.V15.Lib.csproj", "{2DEA9346-FB39-489C-936F-24D0BC032A40}"
EndProject
Project("{FAE04EC0-301F-11D3-BF4B-00C04F79EFBC}") = "Tyuiu.MinullinDF.Sprint3.Task2.V15", "Tyuiu.MinullinDF.Sprint3.Task2.V15\Tyuiu.MinullinDF.Sprint3.Task2.V15.csproj", "{5F94E8C6-7F21-4AE3-A4CD-1C06B234C842}"
EndProject
Project("{FAE04EC0-301F-11D3-BF4B-00C04F79EFBC}") = "Tyuiu.MinullinDF.Sprint3.Task2.V15.Test", "Tyuiu.MinullinDF.Sprint3.Task2.V15.Test\Tyuiu.MinullinDF.Sprint3.Task2.V15.Test.csproj", "{5B305D03-3756-48FE-A09F-E0BC0E662DC4}"
EndProject
Global
	GlobalSection(SolutionConfigurationPlatforms) = preSolution
		Debug|Any CPU = Debug|Any CPU
		Release|Any CPU = Release|Any CPU
	EndGlobalSection
	GlobalSection(ProjectConfigurationPlatforms) = postSolution
		{BB21F83C-5086-4BDD-9DFA-E327A6597BC7}.Debug|Any CPU.ActiveCfg = Debug|Any CPU
		{BB21F83C-5086-4BDD-9DFA-E327A6597BC7}.Debug|Any CPU.Build.0 = Debug|Any CPU
		{BB21F83C-5086-4BDD-9DFA-E327A6597BC7}.Release|Any CPU.ActiveCfg = Release|Any CPU
		{BB21F83C-5086-4BDD-9DFA-E327A6597BC7}.Release|Any CPU.Build.0 = Release|Any CPU
		{42906340-9899-41E2-917A-E7B6A6FEEE6E}.Debug|Any CPU.ActiveCfg = Debug|Any CPU
		{42906340-9899-41E2-917A-E7B6A6FEEE6E}.Debug|Any CPU.Build.0 = Debug|Any CPU
		{42906340-9899-41E2-917A-E7B6A6FEEE6E}.Release|Any CPU.ActiveCfg = Release|Any CPU
		{42906340-9899-41E2-917A-E7B6A6FEEE6E}.Release|Any CPU.Build.0 = Release|Any CPU
		{412FFE0F-8210-4F3D-814B-1C0A6F79F22F}.Debug|Any CPU.ActiveCfg = Debug|Any CPU
		{412FFE0F-8210-4F3D-814B-1C0A6F79F22F}.Debug|Any CPU.Build.0 = Debug|Any CPU
		{412FFE0F-8210-4F3D-814B-1C0A6F79F22F}.Release|Any CPU.ActiveCfg = Release|Any CPU
		{412FFE0F-8210-4F3D-814B-1C0A6F79F22F}.Release|Any CPU.Build.0 = Release|Any CPU
		{0108C019-0A87-432C-B5DA-29B601A25A65}.Debug|Any CPU.ActiveCfg = Debug|Any CPU
		{0108C019-0A87-432C-B5DA-29B601A25A65}.Debug|Any CPU.Build.0 = Debug|Any CPU
		{0108C019-0A87-432C-B5DA-29B601A25A65}.Release|Any CPU.ActiveCfg = Release|Any CPU
		{0108C019-0A87-432C-B5DA-29B601A25A65}.Release|Any CPU.Build.0 = Release|Any CPU
		{4E66A24A-D240-4017-BFFD-5943355C865A}.Debug|Any CPU.ActiveCfg = Debug|Any CPU
		{4E66A24A-D240-4017-BFFD-5943355C865A}.Debug|Any CPU.Build.0 = Debug|Any CPU
		{4E66A24A-D240-4017-BFFD-5943355C865A}.Release|Any CPU.ActiveCfg = Release|Any CPU
		{4E66A24A-D240-4017-BFFD-5943355C865A}.Release|Any CPU.Build.0 = Release|Any CPU
		{E259C376-4F24-4B4E-AE1C-3CA8377427A2}.Debug|Any CPU.ActiveCfg = Debug|Any CPU
		{E259C376-4F24-4B4E-AE1C-3CA8377427A2}.Debug|Any CPU.Build.0 = Debug|Any CPU
		{E259C376-4F24-4B4E-AE1C-3CA8377427A2}.Release|Any CPU.ActiveCfg = Release|Any CPU
		{E259C376-4F24-4B4E-AE1C-3CA8377427A2}.Release|Any CPU.Build.0 = Release|Any CPU
		{2DEA9346-FB39-489C-936F-24D0BC032A40}.Debug|Any CPU.ActiveCfg = Debug|Any CPU
		{2DEA9346-FB39-489C-936F-24D0BC032A40}.Debug|Any CPU.Build.0 = Debug|Any CPU
		{2DEA9346-FB39-489C-936F-24D0BC032A40}.Release|Any CPU.ActiveCfg = Release|Any CPU
		{2DEA9346-FB39-489C-936F-24D0BC032A40}.Release|Any CPU.Build.0 = Release|Any CPU
		{5F94E8C6-7F21-4AE3-A4CD-1C06B234C842}.Debug|Any CPU.ActiveCfg = Debug|Any CPU
		{5F94E8C6-7F21-4AE3-A4CD-1C06B234C842}.Debug|Any CPU.Build.0 = Debug|Any CPU
		{5F94E8C6-7F21-4AE3-A4CD-1C06B234C842}.Release|Any CPU.ActiveCfg = Release|Any CPU
		{5F94E8C6-7F21-4AE3-A4CD-1C06B234C842}.Release|Any CPU.Build.0 = Release|Any CPU
		{5B305D03-3756-48FE-A09F-E0BC0E662DC4}.Debug|Any CPU.ActiveCfg = Debug|Any CPU
		{5B305D03-3756-48FE-A09F-E0BC0E662DC4}.Debug|Any CPU.Build.0 = Debug|Any CPU
		{5B305D03-3756-48FE-A09F-E0BC0E662DC4}.Release|Any CPU.ActiveCfg = Release|Any CPU
		{5B305D03-3756-48FE-A09F-E0BC0E662DC4}.Release|Any CPU.Build.0 = Release|Any CPU
	EndGlobalSection
	GlobalSection(SolutionProperties) = preSolution
		HideSolutionNode = FALSE
	EndGlobalSection
	GlobalSection(NestedProjects) = preSolution
		{BB21F83C-5086-4BDD-9DFA-E327A6597BC7} = {02EA681E-C7D8-13C7-8484-4AC65E1B71E8}
		{42906340-9899-41E2-917A-E7B6A6FEEE6E} = {02EA681E-C7D8-13C7-8484-4AC65E1B71E8}
		{412FFE0F-8210-4F3D-814B-1C0A6F79F22F} = {02EA681E-C7D8-13C7-8484-4AC65E1B71E8}
		{0108C019-0A87-432C-B5DA-29B601A25A65} = {F75D81CE-8F62-4E06-B3B3-58160E8958E8}
		{4E66A24A-D240-4017-BFFD-5943355C865A} = {F75D81CE-8F62-4E06-B3B3-58160E8958E8}
		{E259C376-4F24-4B4E-AE1C-3CA8377427A2} = {F75D81CE-8F62-4E06-B3B3-58160E8958E8}
		{2DEA9346-FB39-489C-936F-24D0BC032A40} = {92130756-C6C6-4022-B8E8-3197AB72FB92}
		{5F94E8C6-7F21-4AE3-A4CD-1C06B234C842} = {92130756-C6C6-4022-B8E8-3197AB72FB92}
		{5B305D03-3756-48FE-A09F-E0BC0E662DC4} = {92130756-C6C6-4022-B8E8-3197AB72FB92}
	EndGlobalSection
	GlobalSection(ExtensibilityGlobals) = postSolution
		SolutionGuid = {3A60C6F9-6A08-4ED5-BAAD-F6148594B12F}
	EndGlobalSection
EndGlobal
