
Microsoft Visual Studio Solution File, Format Version 12.00
# Visual Studio Version 17
VisualStudioVersion = 17.14.36414.22 d17.14
MinimumVisualStudioVersion = 10.0.40219.1
Project("{2150E333-8FDC-42A3-9474-1A3956D46DE8}") = "Task0", "Task0", "{02EA681E-C7D8-13C7-8484-4AC65E1B71E8}"
EndProject
Project("{2150E333-8FDC-42A3-9474-1A3956D46DE8}") = "Task1", "Task1", "{F75D81CE-8F62-4E06-B3B3-58160E8958E8}"
EndProject
Project("{FAE04EC0-301F-11D3-BF4B-00C04F79EFBC}") = "Tyuiu.MinullinDF.Sprint3.Task0.V13", "Tyuiu.MinullinDF.Sprint3.Task0.V13\Tyuiu.MinullinDF.Sprint3.Task0.V13.csproj", "{BB21F83C-5086-4BDD-9DFA-E327A6597BC7}"
EndProject
Project("{FAE04EC0-301F-11D3-BF4B-00C04F79EFBC}") = "Tyuiu.MinullinDF.Sprint3.Task0.V13.Lib", "Tyuiu.MinullinDF.Sprint3.Task0.V13.Lib\Tyuiu.MinullinDF.Sprint3.Task0.V13.Lib.csproj", "{42906340-9899-41E2-917A-E7B6A6FEEE6E}"
EndProject
Project("{FAE04EC0-301F-11D3-BF4B-00C04F79EFBC}") = "Tyuiu.MinullinDF.Sprint3.Task0.V13.Test", "Tyuiu.MinullinDF.Sprint3.Task0.V13.Test\Tyuiu.MinullinDF.Sprint3.Task0.V13.Test.csproj", "{412FFE0F-8210-4F3D-814B-1C0A6F79F22F}"
EndProject
Global
	GlobalSection(SolutionConfigurationPlatforms) = preSolution
		Debug|Any CPU = Debug|Any CPU
		Release|Any CPU = Release|Any CPU
	EndGlobalSection
	GlobalSection(ProjectConfigurationPlatforms) = postSolution
		{BB21F83C-5086-4BDD-9DFA-E327A6597BC7}.Debug|Any CPU.ActiveCfg = Debug|Any CPU
		{BB21F83C-5086-4BDD-9DFA-E327A6597BC7}.Debug|Any CPU.Build.0 = Debug|Any CPU
		{BB21F83C-5086-4BDD-9DFA-E327A6597BC7}.Release|Any CPU.ActiveCfg = Release|Any CPU
		{BB21F83C-5086-4BDD-9DFA-E327A6597BC7}.Release|Any CPU.Build.0 = Release|Any CPU
		{42906340-9899-41E2-917A-E7B6A6FEEE6E}.Debug|Any CPU.ActiveCfg = Debug|Any CPU
		{42906340-9899-41E2-917A-E7B6A6FEEE6E}.Debug|Any CPU.Build.0 = Debug|Any CPU
		{42906340-9899-41E2-917A-E7B6A6FEEE6E}.Release|Any CPU.ActiveCfg = Release|Any CPU
		{42906340-9899-41E2-917A-E7B6A6FEEE6E}.Release|Any CPU.Build.0 = Release|Any CPU
		{412FFE0F-8210-4F3D-814B-1C0A6F79F22F}.Debug|Any CPU.ActiveCfg = Debug|Any CPU
		{412FFE0F-8210-4F3D-814B-1C0A6F79F22F}.Debug|Any CPU.Build.0 = Debug|Any CPU
		{412FFE0F-8210-4F3D-814B-1C0A6F79F22F}.Release|Any CPU.ActiveCfg = Release|Any CPU
		{412FFE0F-8210-4F3D-814B-1C0A6F79F22F}.Release|Any CPU.Build.0 = Release|Any CPU
	EndGlobalSection
	GlobalSection(SolutionProperties) = preSolution
		HideSolutionNode = FALSE
	EndGlobalSection
	GlobalSection(NestedProjects) = preSolution
		{BB21F83C-5086-4BDD-9DFA-E327A6597BC7} = {02EA681E-C7D8-13C7-8484-4AC65E1B71E8}
		{42906340-9899-41E2-917A-E7B6A6FEEE6E} = {02EA681E-C7D8-13C7-8484-4AC65E1B71E8}
		{412FFE0F-8210-4F3D-814B-1C0A6F79F22F} = {02EA681E-C7D8-13C7-8484-4AC65E1B71E8}
	EndGlobalSection
	GlobalSection(ExtensibilityGlobals) = postSolution
		SolutionGuid = {3A60C6F9-6A08-4ED5-BAAD-F6148594B12F}
	EndGlobalSection
EndGlobal
